
Microsoft Visual Studio Solution File, Format Version 12.00
# Visual Studio Version 16
VisualStudioVersion = 16.0.31005.135
MinimumVisualStudioVersion = 10.0.40219.1
Project("{8BC9CEB8-8B4A-11D0-8D11-00A0C91BC942}") = "yakiniku", "yakiniku.vcxproj", "{C6E06FB5-B623-44E6-ACF6-FA6637B62E35}"
EndProject
Global
	GlobalSection(SolutionConfigurationPlatforms) = preSolution
		Debug|x64 = Debug|x64
		Debug|x86 = Debug|x86
		Release|x64 = Release|x64
		Release|x86 = Release|x86
	EndGlobalSection
	GlobalSection(ProjectConfigurationPlatforms) = postSolution
		{C6E06FB5-B623-44E6-ACF6-FA6637B62E35}.Debug|x64.ActiveCfg = Debug|x64
		{C6E06FB5-B623-44E6-ACF6-FA6637B62E35}.Debug|x64.Build.0 = Debug|x64
		{C6E06FB5-B623-44E6-ACF6-FA6637B62E35}.Debug|x86.ActiveCfg = Debug|Win32
		{C6E06FB5-B623-44E6-ACF6-FA6637B62E35}.Debug|x86.Build.0 = Debug|Win32
		{C6E06FB5-B623-44E6-ACF6-FA6637B62E35}.Release|x64.ActiveCfg = Release|x64
		{C6E06FB5-B623-44E6-ACF6-FA6637B62E35}.Release|x64.Build.0 = Release|x64
		{C6E06FB5-B623-44E6-ACF6-FA6637B62E35}.Release|x86.ActiveCfg = Release|Win32
		{C6E06FB5-B623-44E6-ACF6-FA6637B62E35}.Release|x86.Build.0 = Release|Win32
	EndGlobalSection
	GlobalSection(SolutionProperties) = preSolution
		HideSolutionNode = FALSE
	EndGlobalSection
	GlobalSection(ExtensibilityGlobals) = postSolution
		SolutionGuid = {C10F0308-5F1A-4055-A9D3-C615642751F9}
	EndGlobalSection
EndGlobal
